// !$*UTF8*$!
{
	archiveVersion = 1;
	classes = {
	};
	objectVersion = 55;
	objects = {

/* Begin PBXBuildFile section */
		1E00B3F027164A5400EA977D /* ShukraApp.swift in Sources */ = {isa = PBXBuildFile; fileRef = 1E00B3EF27164A5400EA977D /* ShukraApp.swift */; };
		1E00B3F227164A5400EA977D /* ContentView.swift in Sources */ = {isa = PBXBuildFile; fileRef = 1E00B3F127164A5400EA977D /* ContentView.swift */; };
		1E00B3F427164A5800EA977D /* Assets.xcassets in Resources */ = {isa = PBXBuildFile; fileRef = 1E00B3F327164A5800EA977D /* Assets.xcassets */; };
		1E00B3F727164A5800EA977D /* Preview Assets.xcassets in Resources */ = {isa = PBXBuildFile; fileRef = 1E00B3F627164A5800EA977D /* Preview Assets.xcassets */; };
		1E00B3FF27164BA800EA977D /* Apod.swift in Sources */ = {isa = PBXBuildFile; fileRef = 1E00B3FE27164BA800EA977D /* Apod.swift */; };
		1E00B40227167D1100EA977D /* Network.swift in Sources */ = {isa = PBXBuildFile; fileRef = 1E00B40127167D1100EA977D /* Network.swift */; };
		1E00B40D2718C24C00EA977D /* ShukraUnitTests.swift in Sources */ = {isa = PBXBuildFile; fileRef = 1E00B40C2718C24C00EA977D /* ShukraUnitTests.swift */; };
		1E00B4162718DDA800EA977D /* PictureOfToday.swift in Sources */ = {isa = PBXBuildFile; fileRef = 1E00B4152718DDA800EA977D /* PictureOfToday.swift */; };
		1E00B4182718DDEA00EA977D /* CircleImage.swift in Sources */ = {isa = PBXBuildFile; fileRef = 1E00B4172718DDEA00EA977D /* CircleImage.swift */; };
		1E00B41B27194AB500EA977D /* NetworkTests.swift in Sources */ = {isa = PBXBuildFile; fileRef = 1E00B41A27194AB500EA977D /* NetworkTests.swift */; };
		1E00B420271C08ED00EA977D /* launch.json in Resources */ = {isa = PBXBuildFile; fileRef = 1E00B41F271C08ED00EA977D /* launch.json */; };
		1E00B422271C09A600EA977D /* Launch.swift in Sources */ = {isa = PBXBuildFile; fileRef = 1E00B421271C09A600EA977D /* Launch.swift */; };
		1E00B424271C0EC400EA977D /* LaunchList.swift in Sources */ = {isa = PBXBuildFile; fileRef = 1E00B423271C0EC400EA977D /* LaunchList.swift */; };
		1E00B426271C144C00EA977D /* LaunchElement.swift in Sources */ = {isa = PBXBuildFile; fileRef = 1E00B425271C144C00EA977D /* LaunchElement.swift */; };
/* End PBXBuildFile section */

/* Begin PBXContainerItemProxy section */
		1E00B40E2718C24C00EA977D /* PBXContainerItemProxy */ = {
			isa = PBXContainerItemProxy;
			containerPortal = 1E00B3E427164A5400EA977D /* Project object */;
			proxyType = 1;
			remoteGlobalIDString = 1E00B3EB27164A5400EA977D;
			remoteInfo = Shukra;
		};
/* End PBXContainerItemProxy section */

/* Begin PBXFileReference section */
		1E00B3EC27164A5400EA977D /* Shukra.app */ = {isa = PBXFileReference; explicitFileType = wrapper.application; includeInIndex = 0; path = Shukra.app; sourceTree = BUILT_PRODUCTS_DIR; };
		1E00B3EF27164A5400EA977D /* ShukraApp.swift */ = {isa = PBXFileReference; lastKnownFileType = sourcecode.swift; path = ShukraApp.swift; sourceTree = "<group>"; };
		1E00B3F127164A5400EA977D /* ContentView.swift */ = {isa = PBXFileReference; lastKnownFileType = sourcecode.swift; path = ContentView.swift; sourceTree = "<group>"; };
		1E00B3F327164A5800EA977D /* Assets.xcassets */ = {isa = PBXFileReference; lastKnownFileType = folder.assetcatalog; path = Assets.xcassets; sourceTree = "<group>"; };
		1E00B3F627164A5800EA977D /* Preview Assets.xcassets */ = {isa = PBXFileReference; lastKnownFileType = folder.assetcatalog; path = "Preview Assets.xcassets"; sourceTree = "<group>"; };
		1E00B3FE27164BA800EA977D /* Apod.swift */ = {isa = PBXFileReference; lastKnownFileType = sourcecode.swift; path = Apod.swift; sourceTree = "<group>"; };
		1E00B40127167D1100EA977D /* Network.swift */ = {isa = PBXFileReference; lastKnownFileType = sourcecode.swift; path = Network.swift; sourceTree = "<group>"; };
		1E00B40A2718C24C00EA977D /* ShukraUnitTests.xctest */ = {isa = PBXFileReference; explicitFileType = wrapper.cfbundle; includeInIndex = 0; path = ShukraUnitTests.xctest; sourceTree = BUILT_PRODUCTS_DIR; };
		1E00B40C2718C24C00EA977D /* ShukraUnitTests.swift */ = {isa = PBXFileReference; lastKnownFileType = sourcecode.swift; path = ShukraUnitTests.swift; sourceTree = "<group>"; };
		1E00B4152718DDA800EA977D /* PictureOfToday.swift */ = {isa = PBXFileReference; lastKnownFileType = sourcecode.swift; path = PictureOfToday.swift; sourceTree = "<group>"; };
		1E00B4172718DDEA00EA977D /* CircleImage.swift */ = {isa = PBXFileReference; lastKnownFileType = sourcecode.swift; path = CircleImage.swift; sourceTree = "<group>"; };
		1E00B41A27194AB500EA977D /* NetworkTests.swift */ = {isa = PBXFileReference; lastKnownFileType = sourcecode.swift; path = NetworkTests.swift; sourceTree = "<group>"; };
		1E00B41F271C08ED00EA977D /* launch.json */ = {isa = PBXFileReference; lastKnownFileType = text.json; path = launch.json; sourceTree = "<group>"; };
		1E00B421271C09A600EA977D /* Launch.swift */ = {isa = PBXFileReference; lastKnownFileType = sourcecode.swift; path = Launch.swift; sourceTree = "<group>"; };
		1E00B423271C0EC400EA977D /* LaunchList.swift */ = {isa = PBXFileReference; lastKnownFileType = sourcecode.swift; path = LaunchList.swift; sourceTree = "<group>"; };
		1E00B425271C144C00EA977D /* LaunchElement.swift */ = {isa = PBXFileReference; lastKnownFileType = sourcecode.swift; path = LaunchElement.swift; sourceTree = "<group>"; };
/* End PBXFileReference section */

/* Begin PBXFrameworksBuildPhase section */
		1E00B3E927164A5400EA977D /* Frameworks */ = {
			isa = PBXFrameworksBuildPhase;
			buildActionMask = 2147483647;
			files = (
			);
			runOnlyForDeploymentPostprocessing = 0;
		};
		1E00B4072718C24C00EA977D /* Frameworks */ = {
			isa = PBXFrameworksBuildPhase;
			buildActionMask = 2147483647;
			files = (
			);
			runOnlyForDeploymentPostprocessing = 0;
		};
/* End PBXFrameworksBuildPhase section */

/* Begin PBXGroup section */
		1E00B3E327164A5400EA977D = {
			isa = PBXGroup;
			children = (
				1E00B4052718C20900EA977D /* UnitTests */,
				1E00B3EE27164A5400EA977D /* Shukra */,
				1E00B40B2718C24C00EA977D /* ShukraUnitTests */,
				1E00B3ED27164A5400EA977D /* Products */,
			);
			sourceTree = "<group>";
		};
		1E00B3ED27164A5400EA977D /* Products */ = {
			isa = PBXGroup;
			children = (
				1E00B3EC27164A5400EA977D /* Shukra.app */,
				1E00B40A2718C24C00EA977D /* ShukraUnitTests.xctest */,
			);
			name = Products;
			sourceTree = "<group>";
		};
		1E00B3EE27164A5400EA977D /* Shukra */ = {
			isa = PBXGroup;
			children = (
				1E00B41E271C08B600EA977D /* Resources */,
				1E00B3EF27164A5400EA977D /* ShukraApp.swift */,
				1E00B41C271A093A00EA977D /* Network */,
				1E00B40027167BBB00EA977D /* Entity */,
				1E00B3FD27164AA400EA977D /* View */,
				1E00B3F327164A5800EA977D /* Assets.xcassets */,
				1E00B3F527164A5800EA977D /* Preview Content */,
			);
			path = Shukra;
			sourceTree = "<group>";
		};
		1E00B3F527164A5800EA977D /* Preview Content */ = {
			isa = PBXGroup;
			children = (
				1E00B3F627164A5800EA977D /* Preview Assets.xcassets */,
			);
			path = "Preview Content";
			sourceTree = "<group>";
		};
		1E00B3FD27164AA400EA977D /* View */ = {
			isa = PBXGroup;
			children = (
				1E00B3F127164A5400EA977D /* ContentView.swift */,
				1E00B4152718DDA800EA977D /* PictureOfToday.swift */,
				1E00B4192718DFC900EA977D /* Helpers */,
				1E00B423271C0EC400EA977D /* LaunchList.swift */,
			);
			path = View;
			sourceTree = "<group>";
		};
		1E00B40027167BBB00EA977D /* Entity */ = {
			isa = PBXGroup;
			children = (
				1E00B3FE27164BA800EA977D /* Apod.swift */,
				1E00B421271C09A600EA977D /* Launch.swift */,
				1E00B425271C144C00EA977D /* LaunchElement.swift */,
			);
			path = Entity;
			sourceTree = "<group>";
		};
		1E00B4052718C20900EA977D /* UnitTests */ = {
			isa = PBXGroup;
			children = (
			);
			path = UnitTests;
			sourceTree = "<group>";
		};
		1E00B40B2718C24C00EA977D /* ShukraUnitTests */ = {
			isa = PBXGroup;
			children = (
				1E00B40C2718C24C00EA977D /* ShukraUnitTests.swift */,
				1E00B41A27194AB500EA977D /* NetworkTests.swift */,
			);
			path = ShukraUnitTests;
			sourceTree = "<group>";
		};
		1E00B4192718DFC900EA977D /* Helpers */ = {
			isa = PBXGroup;
			children = (
				1E00B4172718DDEA00EA977D /* CircleImage.swift */,
			);
			path = Helpers;
			sourceTree = "<group>";
		};
		1E00B41C271A093A00EA977D /* Network */ = {
			isa = PBXGroup;
			children = (
				1E00B40127167D1100EA977D /* Network.swift */,
			);
			path = Network;
			sourceTree = "<group>";
		};
		1E00B41E271C08B600EA977D /* Resources */ = {
			isa = PBXGroup;
			children = (
				1E00B41F271C08ED00EA977D /* launch.json */,
			);
			path = Resources;
			sourceTree = "<group>";
		};
/* End PBXGroup section */

/* Begin PBXNativeTarget section */
		1E00B3EB27164A5400EA977D /* Shukra */ = {
			isa = PBXNativeTarget;
			buildConfigurationList = 1E00B3FA27164A5800EA977D /* Build configuration list for PBXNativeTarget "Shukra" */;
			buildPhases = (
				1E00B3E827164A5400EA977D /* Sources */,
				1E00B3E927164A5400EA977D /* Frameworks */,
				1E00B3EA27164A5400EA977D /* Resources */,
			);
			buildRules = (
			);
			dependencies = (
			);
			name = Shukra;
			productName = Shukra;
			productReference = 1E00B3EC27164A5400EA977D /* Shukra.app */;
			productType = "com.apple.product-type.application";
		};
		1E00B4092718C24C00EA977D /* ShukraUnitTests */ = {
			isa = PBXNativeTarget;
			buildConfigurationList = 1E00B4102718C24C00EA977D /* Build configuration list for PBXNativeTarget "ShukraUnitTests" */;
			buildPhases = (
				1E00B4062718C24C00EA977D /* Sources */,
				1E00B4072718C24C00EA977D /* Frameworks */,
				1E00B4082718C24C00EA977D /* Resources */,
			);
			buildRules = (
			);
			dependencies = (
				1E00B40F2718C24C00EA977D /* PBXTargetDependency */,
			);
			name = ShukraUnitTests;
			productName = ShukraUnitTests;
			productReference = 1E00B40A2718C24C00EA977D /* ShukraUnitTests.xctest */;
			productType = "com.apple.product-type.bundle.unit-test";
		};
/* End PBXNativeTarget section */

/* Begin PBXProject section */
		1E00B3E427164A5400EA977D /* Project object */ = {
			isa = PBXProject;
			attributes = {
				BuildIndependentTargetsInParallel = 1;
				LastSwiftUpdateCheck = 1300;
				LastUpgradeCheck = 1300;
				TargetAttributes = {
					1E00B3EB27164A5400EA977D = {
						CreatedOnToolsVersion = 13.0;
					};
					1E00B4092718C24C00EA977D = {
						CreatedOnToolsVersion = 13.0;
						TestTargetID = 1E00B3EB27164A5400EA977D;
					};
				};
			};
			buildConfigurationList = 1E00B3E727164A5400EA977D /* Build configuration list for PBXProject "Shukra" */;
			compatibilityVersion = "Xcode 13.0";
			developmentRegion = en;
			hasScannedForEncodings = 0;
			knownRegions = (
				en,
				Base,
			);
			mainGroup = 1E00B3E327164A5400EA977D;
			productRefGroup = 1E00B3ED27164A5400EA977D /* Products */;
			projectDirPath = "";
			projectRoot = "";
			targets = (
				1E00B3EB27164A5400EA977D /* Shukra */,
				1E00B4092718C24C00EA977D /* ShukraUnitTests */,
			);
		};
/* End PBXProject section */

/* Begin PBXResourcesBuildPhase section */
		1E00B3EA27164A5400EA977D /* Resources */ = {
			isa = PBXResourcesBuildPhase;
			buildActionMask = 2147483647;
			files = (
				1E00B3F727164A5800EA977D /* Preview Assets.xcassets in Resources */,
				1E00B420271C08ED00EA977D /* launch.json in Resources */,
				1E00B3F427164A5800EA977D /* Assets.xcassets in Resources */,
			);
			runOnlyForDeploymentPostprocessing = 0;
		};
		1E00B4082718C24C00EA977D /* Resources */ = {
			isa = PBXResourcesBuildPhase;
			buildActionMask = 2147483647;
			files = (
			);
			runOnlyForDeploymentPostprocessing = 0;
		};
/* End PBXResourcesBuildPhase section */

/* Begin PBXSourcesBuildPhase section */
		1E00B3E827164A5400EA977D /* Sources */ = {
			isa = PBXSourcesBuildPhase;
			buildActionMask = 2147483647;
			files = (
				1E00B4162718DDA800EA977D /* PictureOfToday.swift in Sources */,
				1E00B3F227164A5400EA977D /* ContentView.swift in Sources */,
				1E00B424271C0EC400EA977D /* LaunchList.swift in Sources */,
				1E00B40227167D1100EA977D /* Network.swift in Sources */,
				1E00B3F027164A5400EA977D /* ShukraApp.swift in Sources */,
				1E00B426271C144C00EA977D /* LaunchElement.swift in Sources */,
				1E00B422271C09A600EA977D /* Launch.swift in Sources */,
				1E00B3FF27164BA800EA977D /* Apod.swift in Sources */,
				1E00B4182718DDEA00EA977D /* CircleImage.swift in Sources */,
			);
			runOnlyForDeploymentPostprocessing = 0;
		};
		1E00B4062718C24C00EA977D /* Sources */ = {
			isa = PBXSourcesBuildPhase;
			buildActionMask = 2147483647;
			files = (
				1E00B40D2718C24C00EA977D /* ShukraUnitTests.swift in Sources */,
				1E00B41B27194AB500EA977D /* NetworkTests.swift in Sources */,
			);
			runOnlyForDeploymentPostprocessing = 0;
		};
/* End PBXSourcesBuildPhase section */

/* Begin PBXTargetDependency section */
		1E00B40F2718C24C00EA977D /* PBXTargetDependency */ = {
			isa = PBXTargetDependency;
			target = 1E00B3EB27164A5400EA977D /* Shukra */;
			targetProxy = 1E00B40E2718C24C00EA977D /* PBXContainerItemProxy */;
		};
/* End PBXTargetDependency section */

/* Begin XCBuildConfiguration section */
		1E00B3F827164A5800EA977D /* Debug */ = {
			isa = XCBuildConfiguration;
			buildSettings = {
				ALWAYS_SEARCH_USER_PATHS = NO;
				CLANG_ANALYZER_NONNULL = YES;
				CLANG_ANALYZER_NUMBER_OBJECT_CONVERSION = YES_AGGRESSIVE;
				CLANG_CXX_LANGUAGE_STANDARD = "gnu++17";
				CLANG_CXX_LIBRARY = "libc++";
				CLANG_ENABLE_MODULES = YES;
				CLANG_ENABLE_OBJC_ARC = YES;
				CLANG_ENABLE_OBJC_WEAK = YES;
				CLANG_WARN_BLOCK_CAPTURE_AUTORELEASING = YES;
				CLANG_WARN_BOOL_CONVERSION = YES;
				CLANG_WARN_COMMA = YES;
				CLANG_WARN_CONSTANT_CONVERSION = YES;
				CLANG_WARN_DEPRECATED_OBJC_IMPLEMENTATIONS = YES;
				CLANG_WARN_DIRECT_OBJC_ISA_USAGE = YES_ERROR;
				CLANG_WARN_DOCUMENTATION_COMMENTS = YES;
				CLANG_WARN_EMPTY_BODY = YES;
				CLANG_WARN_ENUM_CONVERSION = YES;
				CLANG_WARN_INFINITE_RECURSION = YES;
				CLANG_WARN_INT_CONVERSION = YES;
				CLANG_WARN_NON_LITERAL_NULL_CONVERSION = YES;
				CLANG_WARN_OBJC_IMPLICIT_RETAIN_SELF = YES;
				CLANG_WARN_OBJC_LITERAL_CONVERSION = YES;
				CLANG_WARN_OBJC_ROOT_CLASS = YES_ERROR;
				CLANG_WARN_QUOTED_INCLUDE_IN_FRAMEWORK_HEADER = YES;
				CLANG_WARN_RANGE_LOOP_ANALYSIS = YES;
				CLANG_WARN_STRICT_PROTOTYPES = YES;
				CLANG_WARN_SUSPICIOUS_MOVE = YES;
				CLANG_WARN_UNGUARDED_AVAILABILITY = YES_AGGRESSIVE;
				CLANG_WARN_UNREACHABLE_CODE = YES;
				CLANG_WARN__DUPLICATE_METHOD_MATCH = YES;
				COPY_PHASE_STRIP = NO;
				DEBUG_INFORMATION_FORMAT = dwarf;
				ENABLE_STRICT_OBJC_MSGSEND = YES;
				ENABLE_TESTABILITY = YES;
				GCC_C_LANGUAGE_STANDARD = gnu11;
				GCC_DYNAMIC_NO_PIC = NO;
				GCC_NO_COMMON_BLOCKS = YES;
				GCC_OPTIMIZATION_LEVEL = 0;
				GCC_PREPROCESSOR_DEFINITIONS = (
					"DEBUG=1",
					"$(inherited)",
				);
				GCC_WARN_64_TO_32_BIT_CONVERSION = YES;
				GCC_WARN_ABOUT_RETURN_TYPE = YES_ERROR;
				GCC_WARN_UNDECLARED_SELECTOR = YES;
				GCC_WARN_UNINITIALIZED_AUTOS = YES_AGGRESSIVE;
				GCC_WARN_UNUSED_FUNCTION = YES;
				GCC_WARN_UNUSED_VARIABLE = YES;
				IPHONEOS_DEPLOYMENT_TARGET = 15.0;
				MTL_ENABLE_DEBUG_INFO = INCLUDE_SOURCE;
				MTL_FAST_MATH = YES;
				ONLY_ACTIVE_ARCH = YES;
				SDKROOT = iphoneos;
				SWIFT_ACTIVE_COMPILATION_CONDITIONS = DEBUG;
				SWIFT_OPTIMIZATION_LEVEL = "-Onone";
			};
			name = Debug;
		};
		1E00B3F927164A5800EA977D /* Release */ = {
			isa = XCBuildConfiguration;
			buildSettings = {
				ALWAYS_SEARCH_USER_PATHS = NO;
				CLANG_ANALYZER_NONNULL = YES;
				CLANG_ANALYZER_NUMBER_OBJECT_CONVERSION = YES_AGGRESSIVE;
				CLANG_CXX_LANGUAGE_STANDARD = "gnu++17";
				CLANG_CXX_LIBRARY = "libc++";
				CLANG_ENABLE_MODULES = YES;
				CLANG_ENABLE_OBJC_ARC = YES;
				CLANG_ENABLE_OBJC_WEAK = YES;
				CLANG_WARN_BLOCK_CAPTURE_AUTORELEASING = YES;
				CLANG_WARN_BOOL_CONVERSION = YES;
				CLANG_WARN_COMMA = YES;
				CLANG_WARN_CONSTANT_CONVERSION = YES;
				CLANG_WARN_DEPRECATED_OBJC_IMPLEMENTATIONS = YES;
				CLANG_WARN_DIRECT_OBJC_ISA_USAGE = YES_ERROR;
				CLANG_WARN_DOCUMENTATION_COMMENTS = YES;
				CLANG_WARN_EMPTY_BODY = YES;
				CLANG_WARN_ENUM_CONVERSION = YES;
				CLANG_WARN_INFINITE_RECURSION = YES;
				CLANG_WARN_INT_CONVERSION = YES;
				CLANG_WARN_NON_LITERAL_NULL_CONVERSION = YES;
				CLANG_WARN_OBJC_IMPLICIT_RETAIN_SELF = YES;
				CLANG_WARN_OBJC_LITERAL_CONVERSION = YES;
				CLANG_WARN_OBJC_ROOT_CLASS = YES_ERROR;
				CLANG_WARN_QUOTED_INCLUDE_IN_FRAMEWORK_HEADER = YES;
				CLANG_WARN_RANGE_LOOP_ANALYSIS = YES;
				CLANG_WARN_STRICT_PROTOTYPES = YES;
				CLANG_WARN_SUSPICIOUS_MOVE = YES;
				CLANG_WARN_UNGUARDED_AVAILABILITY = YES_AGGRESSIVE;
				CLANG_WARN_UNREACHABLE_CODE = YES;
				CLANG_WARN__DUPLICATE_METHOD_MATCH = YES;
				COPY_PHASE_STRIP = NO;
				DEBUG_INFORMATION_FORMAT = "dwarf-with-dsym";
				ENABLE_NS_ASSERTIONS = NO;
				ENABLE_STRICT_OBJC_MSGSEND = YES;
				GCC_C_LANGUAGE_STANDARD = gnu11;
				GCC_NO_COMMON_BLOCKS = YES;
				GCC_WARN_64_TO_32_BIT_CONVERSION = YES;
				GCC_WARN_ABOUT_RETURN_TYPE = YES_ERROR;
				GCC_WARN_UNDECLARED_SELECTOR = YES;
				GCC_WARN_UNINITIALIZED_AUTOS = YES_AGGRESSIVE;
				GCC_WARN_UNUSED_FUNCTION = YES;
				GCC_WARN_UNUSED_VARIABLE = YES;
				IPHONEOS_DEPLOYMENT_TARGET = 15.0;
				MTL_ENABLE_DEBUG_INFO = NO;
				MTL_FAST_MATH = YES;
				SDKROOT = iphoneos;
				SWIFT_COMPILATION_MODE = wholemodule;
				SWIFT_OPTIMIZATION_LEVEL = "-O";
				VALIDATE_PRODUCT = YES;
			};
			name = Release;
		};
		1E00B3FB27164A5800EA977D /* Debug */ = {
			isa = XCBuildConfiguration;
			buildSettings = {
				ASSETCATALOG_COMPILER_APPICON_NAME = AppIcon;
				ASSETCATALOG_COMPILER_GLOBAL_ACCENT_COLOR_NAME = AccentColor;
				CODE_SIGN_STYLE = Automatic;
				CURRENT_PROJECT_VERSION = 1;
				DEVELOPMENT_ASSET_PATHS = "\"Shukra/Preview Content\"";
				DEVELOPMENT_TEAM = 496E7658VY;
				ENABLE_PREVIEWS = YES;
				GENERATE_INFOPLIST_FILE = YES;
				INFOPLIST_KEY_UIApplicationSceneManifest_Generation = YES;
				INFOPLIST_KEY_UIApplicationSupportsIndirectInputEvents = YES;
				INFOPLIST_KEY_UILaunchScreen_Generation = YES;
				INFOPLIST_KEY_UISupportedInterfaceOrientations_iPad = "UIInterfaceOrientationPortrait UIInterfaceOrientationPortraitUpsideDown UIInterfaceOrientationLandscapeLeft UIInterfaceOrientationLandscapeRight";
				INFOPLIST_KEY_UISupportedInterfaceOrientations_iPhone = "UIInterfaceOrientationPortrait UIInterfaceOrientationLandscapeLeft UIInterfaceOrientationLandscapeRight";
				IPHONEOS_DEPLOYMENT_TARGET = 14.0;
				LD_RUNPATH_SEARCH_PATHS = (
					"$(inherited)",
					"@executable_path/Frameworks",
				);
				MARKETING_VERSION = 1.0;
				PRODUCT_BUNDLE_IDENTIFIER = com.alokirde.Shukra;
				PRODUCT_NAME = "$(TARGET_NAME)";
				SWIFT_EMIT_LOC_STRINGS = YES;
				SWIFT_VERSION = 5.0;
				TARGETED_DEVICE_FAMILY = "1,2";
			};
			name = Debug;
		};
		1E00B3FC27164A5800EA977D /* Release */ = {
			isa = XCBuildConfiguration;
			buildSettings = {
				ASSETCATALOG_COMPILER_APPICON_NAME = AppIcon;
				ASSETCATALOG_COMPILER_GLOBAL_ACCENT_COLOR_NAME = AccentColor;
				CODE_SIGN_STYLE = Automatic;
				CURRENT_PROJECT_VERSION = 1;
				DEVELOPMENT_ASSET_PATHS = "\"Shukra/Preview Content\"";
				DEVELOPMENT_TEAM = 496E7658VY;
				ENABLE_PREVIEWS = YES;
				GENERATE_INFOPLIST_FILE = YES;
				INFOPLIST_KEY_UIApplicationSceneManifest_Generation = YES;
				INFOPLIST_KEY_UIApplicationSupportsIndirectInputEvents = YES;
				INFOPLIST_KEY_UILaunchScreen_Generation = YES;
				INFOPLIST_KEY_UISupportedInterfaceOrientations_iPad = "UIInterfaceOrientationPortrait UIInterfaceOrientationPortraitUpsideDown UIInterfaceOrientationLandscapeLeft UIInterfaceOrientationLandscapeRight";
				INFOPLIST_KEY_UISupportedInterfaceOrientations_iPhone = "UIInterfaceOrientationPortrait UIInterfaceOrientationLandscapeLeft UIInterfaceOrientationLandscapeRight";
				IPHONEOS_DEPLOYMENT_TARGET = 14.0;
				LD_RUNPATH_SEARCH_PATHS = (
					"$(inherited)",
					"@executable_path/Frameworks",
				);
				MARKETING_VERSION = 1.0;
				PRODUCT_BUNDLE_IDENTIFIER = com.alokirde.Shukra;
				PRODUCT_NAME = "$(TARGET_NAME)";
				SWIFT_EMIT_LOC_STRINGS = YES;
				SWIFT_VERSION = 5.0;
				TARGETED_DEVICE_FAMILY = "1,2";
			};
			name = Release;
		};
		1E00B4112718C24C00EA977D /* Debug */ = {
			isa = XCBuildConfiguration;
			buildSettings = {
				BUNDLE_LOADER = "$(TEST_HOST)";
				CODE_SIGN_STYLE = Automatic;
				CURRENT_PROJECT_VERSION = 1;
				DEVELOPMENT_TEAM = 496E7658VY;
				GENERATE_INFOPLIST_FILE = YES;
				LD_RUNPATH_SEARCH_PATHS = (
					"$(inherited)",
					"@executable_path/Frameworks",
					"@loader_path/Frameworks",
				);
				MARKETING_VERSION = 1.0;
				PRODUCT_BUNDLE_IDENTIFIER = com.alokirde.ShukraUnitTests;
				PRODUCT_NAME = "$(TARGET_NAME)";
				SWIFT_EMIT_LOC_STRINGS = NO;
				SWIFT_VERSION = 5.0;
				TARGETED_DEVICE_FAMILY = "1,2";
				TEST_HOST = "$(BUILT_PRODUCTS_DIR)/Shukra.app/Shukra";
			};
			name = Debug;
		};
		1E00B4122718C24C00EA977D /* Release */ = {
			isa = XCBuildConfiguration;
			buildSettings = {
				BUNDLE_LOADER = "$(TEST_HOST)";
				CODE_SIGN_STYLE = Automatic;
				CURRENT_PROJECT_VERSION = 1;
				DEVELOPMENT_TEAM = 496E7658VY;
				GENERATE_INFOPLIST_FILE = YES;
				LD_RUNPATH_SEARCH_PATHS = (
					"$(inherited)",
					"@executable_path/Frameworks",
					"@loader_path/Frameworks",
				);
				MARKETING_VERSION = 1.0;
				PRODUCT_BUNDLE_IDENTIFIER = com.alokirde.ShukraUnitTests;
				PRODUCT_NAME = "$(TARGET_NAME)";
				SWIFT_EMIT_LOC_STRINGS = NO;
				SWIFT_VERSION = 5.0;
				TARGETED_DEVICE_FAMILY = "1,2";
				TEST_HOST = "$(BUILT_PRODUCTS_DIR)/Shukra.app/Shukra";
			};
			name = Release;
		};
/* End XCBuildConfiguration section */

/* Begin XCConfigurationList section */
		1E00B3E727164A5400EA977D /* Build configuration list for PBXProject "Shukra" */ = {
			isa = XCConfigurationList;
			buildConfigurations = (
				1E00B3F827164A5800EA977D /* Debug */,
				1E00B3F927164A5800EA977D /* Release */,
			);
			defaultConfigurationIsVisible = 0;
			defaultConfigurationName = Release;
		};
		1E00B3FA27164A5800EA977D /* Build configuration list for PBXNativeTarget "Shukra" */ = {
			isa = XCConfigurationList;
			buildConfigurations = (
				1E00B3FB27164A5800EA977D /* Debug */,
				1E00B3FC27164A5800EA977D /* Release */,
			);
			defaultConfigurationIsVisible = 0;
			defaultConfigurationName = Release;
		};
		1E00B4102718C24C00EA977D /* Build configuration list for PBXNativeTarget "ShukraUnitTests" */ = {
			isa = XCConfigurationList;
			buildConfigurations = (
				1E00B4112718C24C00EA977D /* Debug */,
				1E00B4122718C24C00EA977D /* Release */,
			);
			defaultConfigurationIsVisible = 0;
			defaultConfigurationName = Release;
		};
/* End XCConfigurationList section */
	};
	rootObject = 1E00B3E427164A5400EA977D /* Project object */;
}
